
Microsoft Visual Studio Solution File, Format Version 12.00
# Visual Studio Version 17
VisualStudioVersion = 17.6.33829.357
MinimumVisualStudioVersion = 10.0.40219.1
Project("{9A19103F-16F7-4668-BE54-9A1E7A4F7556}") = "PflegeVerbundhilfe.TaskManagement", "PflegeVerbundhilfe.TaskManagement\PflegeVerbundhilfe.TaskManagement.csproj", "{51323A55-D827-4440-B67D-ACA4ECA00302}"
EndProject
Global
	GlobalSection(SolutionConfigurationPlatforms) = preSolution
		Debug|Any CPU = Debug|Any CPU
		Release|Any CPU = Release|Any CPU
	EndGlobalSection
	GlobalSection(ProjectConfigurationPlatforms) = postSolution
		{51323A55-D827-4440-B67D-ACA4ECA00302}.Debug|Any CPU.ActiveCfg = Debug|Any CPU
		{51323A55-D827-4440-B67D-ACA4ECA00302}.Debug|Any CPU.Build.0 = Debug|Any CPU
		{51323A55-D827-4440-B67D-ACA4ECA00302}.Release|Any CPU.ActiveCfg = Release|Any CPU
		{51323A55-D827-4440-B67D-ACA4ECA00302}.Release|Any CPU.Build.0 = Release|Any CPU
	EndGlobalSection
	GlobalSection(SolutionProperties) = preSolution
		HideSolutionNode = FALSE
	EndGlobalSection
	GlobalSection(ExtensibilityGlobals) = postSolution
		SolutionGuid = {6D3E7E1C-DC5B-46AE-AC3C-2374D3F8523C}
	EndGlobalSection
EndGlobal
